
Microsoft Visual Studio Solution File, Format Version 12.00
# Visual Studio 15
VisualStudioVersion = 15.0.27004.2005
MinimumVisualStudioVersion = 10.0.40219.1
Project("{FAE04EC0-301F-11D3-BF4B-00C04F79EFBC}") = "CharLib", "CharLib\CharLib.csproj", "{6D1ADC01-68A9-44E9-A129-94D508BBF335}"
EndProject
Project("{FAE04EC0-301F-11D3-BF4B-00C04F79EFBC}") = "CharHost", "CharHost\CharHost.csproj", "{DB99A81C-12E3-483D-BDB3-AF7C99B2E398}"
EndProject
Project("{FAE04EC0-301F-11D3-BF4B-00C04F79EFBC}") = "CharClient", "CharClient\CharClient.csproj", "{EB8B7178-E0E6-4191-B3DA-1B4E02241B38}"
EndProject
Global
	GlobalSection(SolutionConfigurationPlatforms) = preSolution
		Debug|Any CPU = Debug|Any CPU
		Release|Any CPU = Release|Any CPU
	EndGlobalSection
	GlobalSection(ProjectConfigurationPlatforms) = postSolution
		{6D1ADC01-68A9-44E9-A129-94D508BBF335}.Debug|Any CPU.ActiveCfg = Debug|Any CPU
		{6D1ADC01-68A9-44E9-A129-94D508BBF335}.Debug|Any CPU.Build.0 = Debug|Any CPU
		{6D1ADC01-68A9-44E9-A129-94D508BBF335}.Release|Any CPU.ActiveCfg = Release|Any CPU
		{6D1ADC01-68A9-44E9-A129-94D508BBF335}.Release|Any CPU.Build.0 = Release|Any CPU
		{DB99A81C-12E3-483D-BDB3-AF7C99B2E398}.Debug|Any CPU.ActiveCfg = Debug|Any CPU
		{DB99A81C-12E3-483D-BDB3-AF7C99B2E398}.Debug|Any CPU.Build.0 = Debug|Any CPU
		{DB99A81C-12E3-483D-BDB3-AF7C99B2E398}.Release|Any CPU.ActiveCfg = Release|Any CPU
		{DB99A81C-12E3-483D-BDB3-AF7C99B2E398}.Release|Any CPU.Build.0 = Release|Any CPU
		{EB8B7178-E0E6-4191-B3DA-1B4E02241B38}.Debug|Any CPU.ActiveCfg = Debug|Any CPU
		{EB8B7178-E0E6-4191-B3DA-1B4E02241B38}.Debug|Any CPU.Build.0 = Debug|Any CPU
		{EB8B7178-E0E6-4191-B3DA-1B4E02241B38}.Release|Any CPU.ActiveCfg = Release|Any CPU
		{EB8B7178-E0E6-4191-B3DA-1B4E02241B38}.Release|Any CPU.Build.0 = Release|Any CPU
	EndGlobalSection
	GlobalSection(SolutionProperties) = preSolution
		HideSolutionNode = FALSE
	EndGlobalSection
	GlobalSection(ExtensibilityGlobals) = postSolution
		SolutionGuid = {D92A7657-EA60-4002-8E8C-2B4F61CE6EFF}
	EndGlobalSection
EndGlobal
